// !$*UTF8*$!
{
	archiveVersion = 1;
	classes = {
	};
	objectVersion = 46;
	objects = {

/* Begin PBXBuildFile section */
		910FFF4F1C7206E10069CC27 /* AppDelegate.m in Sources */ = {isa = PBXBuildFile; fileRef = 910FFF4E1C7206E10069CC27 /* AppDelegate.m */; };
		910FFF521C7206E10069CC27 /* main.m in Sources */ = {isa = PBXBuildFile; fileRef = 910FFF511C7206E10069CC27 /* main.m */; };
		910FFF541C7206E20069CC27 /* Assets.xcassets in Resources */ = {isa = PBXBuildFile; fileRef = 910FFF531C7206E20069CC27 /* Assets.xcassets */; };
		910FFF571C7206E20069CC27 /* MainMenu.xib in Resources */ = {isa = PBXBuildFile; fileRef = 910FFF551C7206E20069CC27 /* MainMenu.xib */; };
/* End PBXBuildFile section */

/* Begin PBXFileReference section */
		910FFF4A1C7206E10069CC27 /* MOtest1.app */ = {isa = PBXFileReference; explicitFileType = wrapper.application; includeInIndex = 0; path = MOtest1.app; sourceTree = BUILT_PRODUCTS_DIR; };
		910FFF4D1C7206E10069CC27 /* AppDelegate.h */ = {isa = PBXFileReference; lastKnownFileType = sourcecode.c.h; path = AppDelegate.h; sourceTree = "<group>"; };
		910FFF4E1C7206E10069CC27 /* AppDelegate.m */ = {isa = PBXFileReference; lastKnownFileType = sourcecode.c.objc; path = AppDelegate.m; sourceTree = "<group>"; };
		910FFF511C7206E10069CC27 /* main.m */ = {isa = PBXFileReference; lastKnownFileType = sourcecode.c.objc; path = main.m; sourceTree = "<group>"; };
		910FFF531C7206E20069CC27 /* Assets.xcassets */ = {isa = PBXFileReference; lastKnownFileType = folder.assetcatalog; path = Assets.xcassets; sourceTree = "<group>"; };
		910FFF561C7206E20069CC27 /* Base */ = {isa = PBXFileReference; lastKnownFileType = file.xib; name = Base; path = Base.lproj/MainMenu.xib; sourceTree = "<group>"; };
		910FFF581C7206E20069CC27 /* Info.plist */ = {isa = PBXFileReference; lastKnownFileType = text.plist.xml; path = Info.plist; sourceTree = "<group>"; };
/* End PBXFileReference section */

/* Begin PBXFrameworksBuildPhase section */
		910FFF471C7206E10069CC27 /* Frameworks */ = {
			isa = PBXFrameworksBuildPhase;
			buildActionMask = 2147483647;
			files = (
			);
			runOnlyForDeploymentPostprocessing = 0;
		};
/* End PBXFrameworksBuildPhase section */

/* Begin PBXGroup section */
		910FFF411C7206E10069CC27 = {
			isa = PBXGroup;
			children = (
				910FFF4C1C7206E10069CC27 /* MOtest1 */,
				910FFF4B1C7206E10069CC27 /* Products */,
			);
			sourceTree = "<group>";
		};
		910FFF4B1C7206E10069CC27 /* Products */ = {
			isa = PBXGroup;
			children = (
				910FFF4A1C7206E10069CC27 /* MOtest1.app */,
			);
			name = Products;
			sourceTree = "<group>";
		};
		910FFF4C1C7206E10069CC27 /* MOtest1 */ = {
			isa = PBXGroup;
			children = (
				910FFF4D1C7206E10069CC27 /* AppDelegate.h */,
				910FFF4E1C7206E10069CC27 /* AppDelegate.m */,
				910FFF531C7206E20069CC27 /* Assets.xcassets */,
				910FFF551C7206E20069CC27 /* MainMenu.xib */,
				910FFF581C7206E20069CC27 /* Info.plist */,
				910FFF501C7206E10069CC27 /* Supporting Files */,
			);
			path = MOtest1;
			sourceTree = "<group>";
		};
		910FFF501C7206E10069CC27 /* Supporting Files */ = {
			isa = PBXGroup;
			children = (
				910FFF511C7206E10069CC27 /* main.m */,
			);
			name = "Supporting Files";
			sourceTree = "<group>";
		};
/* End PBXGroup section */

/* Begin PBXNativeTarget section */
		910FFF491C7206E10069CC27 /* MOtest1 */ = {
			isa = PBXNativeTarget;
			buildConfigurationList = 910FFF5B1C7206E20069CC27 /* Build configuration list for PBXNativeTarget "MOtest1" */;
			buildPhases = (
				910FFF461C7206E10069CC27 /* Sources */,
				910FFF471C7206E10069CC27 /* Frameworks */,
				910FFF481C7206E10069CC27 /* Resources */,
			);
			buildRules = (
			);
			dependencies = (
			);
			name = MOtest1;
			productName = MOtest1;
			productReference = 910FFF4A1C7206E10069CC27 /* MOtest1.app */;
			productType = "com.apple.product-type.application";
		};
/* End PBXNativeTarget section */

/* Begin PBXProject section */
		910FFF421C7206E10069CC27 /* Project object */ = {
			isa = PBXProject;
			attributes = {
				LastUpgradeCheck = 0710;
				ORGANIZATIONNAME = "Mehdi Ouaghlani";
				TargetAttributes = {
					910FFF491C7206E10069CC27 = {
						CreatedOnToolsVersion = 7.1.1;
					};
				};
			};
			buildConfigurationList = 910FFF451C7206E10069CC27 /* Build configuration list for PBXProject "MOtest1" */;
			compatibilityVersion = "Xcode 3.2";
			developmentRegion = English;
			hasScannedForEncodings = 0;
			knownRegions = (
				en,
				Base,
			);
			mainGroup = 910FFF411C7206E10069CC27;
			productRefGroup = 910FFF4B1C7206E10069CC27 /* Products */;
			projectDirPath = "";
			projectRoot = "";
			targets = (
				910FFF491C7206E10069CC27 /* MOtest1 */,
			);
		};
/* End PBXProject section */

/* Begin PBXResourcesBuildPhase section */
		910FFF481C7206E10069CC27 /* Resources */ = {
			isa = PBXResourcesBuildPhase;
			buildActionMask = 2147483647;
			files = (
				910FFF541C7206E20069CC27 /* Assets.xcassets in Resources */,
				910FFF571C7206E20069CC27 /* MainMenu.xib in Resources */,
			);
			runOnlyForDeploymentPostprocessing = 0;
		};
/* End PBXResourcesBuildPhase section */

/* Begin PBXSourcesBuildPhase section */
		910FFF461C7206E10069CC27 /* Sources */ = {
			isa = PBXSourcesBuildPhase;
			buildActionMask = 2147483647;
			files = (
				910FFF521C7206E10069CC27 /* main.m in Sources */,
				910FFF4F1C7206E10069CC27 /* AppDelegate.m in Sources */,
			);
			runOnlyForDeploymentPostprocessing = 0;
		};
/* End PBXSourcesBuildPhase section */

/* Begin PBXVariantGroup section */
		910FFF551C7206E20069CC27 /* MainMenu.xib */ = {
			isa = PBXVariantGroup;
			children = (
				910FFF561C7206E20069CC27 /* Base */,
			);
			name = MainMenu.xib;
			sourceTree = "<group>";
		};
/* End PBXVariantGroup section */

/* Begin XCBuildConfiguration section */
		910FFF591C7206E20069CC27 /* Debug */ = {
			isa = XCBuildConfiguration;
			buildSettings = {
				ALWAYS_SEARCH_USER_PATHS = NO;
				CLANG_CXX_LANGUAGE_STANDARD = "gnu++0x";
				CLANG_CXX_LIBRARY = "libc++";
				CLANG_ENABLE_MODULES = YES;
				CLANG_ENABLE_OBJC_ARC = YES;
				CLANG_WARN_BOOL_CONVERSION = YES;
				CLANG_WARN_CONSTANT_CONVERSION = YES;
				CLANG_WARN_DIRECT_OBJC_ISA_USAGE = YES_ERROR;
				CLANG_WARN_EMPTY_BODY = YES;
				CLANG_WARN_ENUM_CONVERSION = YES;
				CLANG_WARN_INT_CONVERSION = YES;
				CLANG_WARN_OBJC_ROOT_CLASS = YES_ERROR;
				CLANG_WARN_UNREACHABLE_CODE = YES;
				CLANG_WARN__DUPLICATE_METHOD_MATCH = YES;
				CODE_SIGN_IDENTITY = "-";
				COPY_PHASE_STRIP = NO;
				DEBUG_INFORMATION_FORMAT = dwarf;
				ENABLE_STRICT_OBJC_MSGSEND = YES;
				ENABLE_TESTABILITY = YES;
				GCC_C_LANGUAGE_STANDARD = gnu99;
				GCC_DYNAMIC_NO_PIC = NO;
				GCC_NO_COMMON_BLOCKS = YES;
				GCC_OPTIMIZATION_LEVEL = 0;
				GCC_PREPROCESSOR_DEFINITIONS = (
					"DEBUG=1",
					"$(inherited)",
				);
				GCC_WARN_64_TO_32_BIT_CONVERSION = YES;
				GCC_WARN_ABOUT_RETURN_TYPE = YES_ERROR;
				GCC_WARN_UNDECLARED_SELECTOR = YES;
				GCC_WARN_UNINITIALIZED_AUTOS = YES_AGGRESSIVE;
				GCC_WARN_UNUSED_FUNCTION = YES;
				GCC_WARN_UNUSED_VARIABLE = YES;
				MACOSX_DEPLOYMENT_TARGET = 10.10;
				MTL_ENABLE_DEBUG_INFO = YES;
				ONLY_ACTIVE_ARCH = YES;
				SDKROOT = macosx;
			};
			name = Debug;
		};
		910FFF5A1C7206E20069CC27 /* Release */ = {
			isa = XCBuildConfiguration;
			buildSettings = {
				ALWAYS_SEARCH_USER_PATHS = NO;
				CLANG_CXX_LANGUAGE_STANDARD = "gnu++0x";
				CLANG_CXX_LIBRARY = "libc++";
				CLANG_ENABLE_MODULES = YES;
				CLANG_ENABLE_OBJC_ARC = YES;
				CLANG_WARN_BOOL_CONVERSION = YES;
				CLANG_WARN_CONSTANT_CONVERSION = YES;
				CLANG_WARN_DIRECT_OBJC_ISA_USAGE = YES_ERROR;
				CLANG_WARN_EMPTY_BODY = YES;
				CLANG_WARN_ENUM_CONVERSION = YES;
				CLANG_WARN_INT_CONVERSION = YES;
				CLANG_WARN_OBJC_ROOT_CLASS = YES_ERROR;
				CLANG_WARN_UNREACHABLE_CODE = YES;
				CLANG_WARN__DUPLICATE_METHOD_MATCH = YES;
				CODE_SIGN_IDENTITY = "-";
				COPY_PHASE_STRIP = NO;
				DEBUG_INFORMATION_FORMAT = "dwarf-with-dsym";
				ENABLE_NS_ASSERTIONS = NO;
				ENABLE_STRICT_OBJC_MSGSEND = YES;
				GCC_C_LANGUAGE_STANDARD = gnu99;
				GCC_NO_COMMON_BLOCKS = YES;
				GCC_WARN_64_TO_32_BIT_CONVERSION = YES;
				GCC_WARN_ABOUT_RETURN_TYPE = YES_ERROR;
				GCC_WARN_UNDECLARED_SELECTOR = YES;
				GCC_WARN_UNINITIALIZED_AUTOS = YES_AGGRESSIVE;
				GCC_WARN_UNUSED_FUNCTION = YES;
				GCC_WARN_UNUSED_VARIABLE = YES;
				MACOSX_DEPLOYMENT_TARGET = 10.10;
				MTL_ENABLE_DEBUG_INFO = NO;
				SDKROOT = macosx;
			};
			name = Release;
		};
		910FFF5C1C7206E20069CC27 /* Debug */ = {
			isa = XCBuildConfiguration;
			buildSettings = {
				ASSETCATALOG_COMPILER_APPICON_NAME = AppIcon;
				COMBINE_HIDPI_IMAGES = YES;
				INFOPLIST_FILE = MOtest1/Info.plist;
				LD_RUNPATH_SEARCH_PATHS = "$(inherited) @executable_path/../Frameworks";
				PRODUCT_BUNDLE_IDENTIFIER = me.ot.MOtest1;
				PRODUCT_NAME = "$(TARGET_NAME)";
			};
			name = Debug;
		};
		910FFF5D1C7206E20069CC27 /* Release */ = {
			isa = XCBuildConfiguration;
			buildSettings = {
				ASSETCATALOG_COMPILER_APPICON_NAME = AppIcon;
				COMBINE_HIDPI_IMAGES = YES;
				INFOPLIST_FILE = MOtest1/Info.plist;
				LD_RUNPATH_SEARCH_PATHS = "$(inherited) @executable_path/../Frameworks";
				PRODUCT_BUNDLE_IDENTIFIER = me.ot.MOtest1;
				PRODUCT_NAME = "$(TARGET_NAME)";
			};
			name = Release;
		};
/* End XCBuildConfiguration section */

/* Begin XCConfigurationList section */
		910FFF451C7206E10069CC27 /* Build configuration list for PBXProject "MOtest1" */ = {
			isa = XCConfigurationList;
			buildConfigurations = (
				910FFF591C7206E20069CC27 /* Debug */,
				910FFF5A1C7206E20069CC27 /* Release */,
			);
			defaultConfigurationIsVisible = 0;
			defaultConfigurationName = Release;
		};
		910FFF5B1C7206E20069CC27 /* Build configuration list for PBXNativeTarget "MOtest1" */ = {
			isa = XCConfigurationList;
			buildConfigurations = (
				910FFF5C1C7206E20069CC27 /* Debug */,
				910FFF5D1C7206E20069CC27 /* Release */,
			);
			defaultConfigurationIsVisible = 0;
		};
/* End XCConfigurationList section */
	};
	rootObject = 910FFF421C7206E10069CC27 /* Project object */;
}
